
Microsoft Visual Studio Solution File, Format Version 12.00
# Visual Studio Version 16
VisualStudioVersion = 16.0.30907.101
MinimumVisualStudioVersion = 10.0.40219.1
Project("{F184B08F-C81C-45F6-A57F-5ABD9991F28F}") = "FehaATexto", "FehaATexto\FehaATexto.vbproj", "{DF2794B4-FC08-4981-B425-9511C3266324}"
EndProject
Global
	GlobalSection(SolutionConfigurationPlatforms) = preSolution
		Debug|Any CPU = Debug|Any CPU
		Release|Any CPU = Release|Any CPU
	EndGlobalSection
	GlobalSection(ProjectConfigurationPlatforms) = postSolution
		{DF2794B4-FC08-4981-B425-9511C3266324}.Debug|Any CPU.ActiveCfg = Debug|Any CPU
		{DF2794B4-FC08-4981-B425-9511C3266324}.Debug|Any CPU.Build.0 = Debug|Any CPU
		{DF2794B4-FC08-4981-B425-9511C3266324}.Release|Any CPU.ActiveCfg = Release|Any CPU
		{DF2794B4-FC08-4981-B425-9511C3266324}.Release|Any CPU.Build.0 = Release|Any CPU
	EndGlobalSection
	GlobalSection(SolutionProperties) = preSolution
		HideSolutionNode = FALSE
	EndGlobalSection
	GlobalSection(ExtensibilityGlobals) = postSolution
		SolutionGuid = {64F5EF49-B381-467D-9E7F-D3FC2A5D9FF9}
	EndGlobalSection
EndGlobal
